{
  "name": "new",
  "version": "1.0.0",
  "lockfileVersion": 3,
  "requires": true,
  "packages": {
    "": {
      "name": "new",
      "version": "1.0.0",
      "license": "ISC",
      "dependencies": {
        "@oksana-danilova/Library": "npm:@oksana-danilova/library@^1.0.0"
      }
    },
    "node_modules/@oksana-danilova/Library": {
      "name": "@oksana-danilova/library",
      "version": "1.0.0",
      "resolved": "https://npm.pkg.github.com/download/@oksana-danilova/library/1.0.0/9bac4dd9e8eca32950357258992737c34b37e478",
      "integrity": "sha512-tRuv10Xfs0GzaTcIqYB5SOEngDFCGnUihEuy+a9L05VC/UvvZsLsgqBE2y2Wy2EEb/i9maYhsY//KgikkpB9OA==",
      "license": "ISC"
    }
  }
}
